
Microsoft Visual Studio Solution File, Format Version 12.00
# Visual Studio 15
VisualStudioVersion = 15.0.26124.0
MinimumVisualStudioVersion = 15.0.26124.0
Project("{FAE04EC0-301F-11D3-BF4B-00C04F79EFBC}") = "UILayer", "UILayer\UILayer.csproj", "{BB6E6904-BF16-4D38-A846-2FB6F5130CEB}"
EndProject
Project("{FAE04EC0-301F-11D3-BF4B-00C04F79EFBC}") = "BALLayer", "BALLayer\BALLayer.csproj", "{172BB1EC-0C5C-4174-8532-6D3E6C6865D1}"
EndProject
Project("{FAE04EC0-301F-11D3-BF4B-00C04F79EFBC}") = "DALLayer", "DALLayer\DALLayer.csproj", "{AC79A0A2-BC50-4BAF-B672-B0A61242C833}"
EndProject
Project("{FAE04EC0-301F-11D3-BF4B-00C04F79EFBC}") = "BusinessModels", "BusinessModels\BusinessModels.csproj", "{ECEB0684-FC27-4475-8E73-B228B25104C6}"
EndProject
Global
	GlobalSection(SolutionConfigurationPlatforms) = preSolution
		Debug|Any CPU = Debug|Any CPU
		Debug|x64 = Debug|x64
		Debug|x86 = Debug|x86
		Release|Any CPU = Release|Any CPU
		Release|x64 = Release|x64
		Release|x86 = Release|x86
	EndGlobalSection
	GlobalSection(SolutionProperties) = preSolution
		HideSolutionNode = FALSE
	EndGlobalSection
	GlobalSection(ProjectConfigurationPlatforms) = postSolution
		{BB6E6904-BF16-4D38-A846-2FB6F5130CEB}.Debug|Any CPU.ActiveCfg = Debug|Any CPU
		{BB6E6904-BF16-4D38-A846-2FB6F5130CEB}.Debug|Any CPU.Build.0 = Debug|Any CPU
		{BB6E6904-BF16-4D38-A846-2FB6F5130CEB}.Debug|x64.ActiveCfg = Debug|x64
		{BB6E6904-BF16-4D38-A846-2FB6F5130CEB}.Debug|x64.Build.0 = Debug|x64
		{BB6E6904-BF16-4D38-A846-2FB6F5130CEB}.Debug|x86.ActiveCfg = Debug|x86
		{BB6E6904-BF16-4D38-A846-2FB6F5130CEB}.Debug|x86.Build.0 = Debug|x86
		{BB6E6904-BF16-4D38-A846-2FB6F5130CEB}.Release|Any CPU.ActiveCfg = Release|Any CPU
		{BB6E6904-BF16-4D38-A846-2FB6F5130CEB}.Release|Any CPU.Build.0 = Release|Any CPU
		{BB6E6904-BF16-4D38-A846-2FB6F5130CEB}.Release|x64.ActiveCfg = Release|x64
		{BB6E6904-BF16-4D38-A846-2FB6F5130CEB}.Release|x64.Build.0 = Release|x64
		{BB6E6904-BF16-4D38-A846-2FB6F5130CEB}.Release|x86.ActiveCfg = Release|x86
		{BB6E6904-BF16-4D38-A846-2FB6F5130CEB}.Release|x86.Build.0 = Release|x86
		{172BB1EC-0C5C-4174-8532-6D3E6C6865D1}.Debug|Any CPU.ActiveCfg = Debug|Any CPU
		{172BB1EC-0C5C-4174-8532-6D3E6C6865D1}.Debug|Any CPU.Build.0 = Debug|Any CPU
		{172BB1EC-0C5C-4174-8532-6D3E6C6865D1}.Debug|x64.ActiveCfg = Debug|x64
		{172BB1EC-0C5C-4174-8532-6D3E6C6865D1}.Debug|x64.Build.0 = Debug|x64
		{172BB1EC-0C5C-4174-8532-6D3E6C6865D1}.Debug|x86.ActiveCfg = Debug|x86
		{172BB1EC-0C5C-4174-8532-6D3E6C6865D1}.Debug|x86.Build.0 = Debug|x86
		{172BB1EC-0C5C-4174-8532-6D3E6C6865D1}.Release|Any CPU.ActiveCfg = Release|Any CPU
		{172BB1EC-0C5C-4174-8532-6D3E6C6865D1}.Release|Any CPU.Build.0 = Release|Any CPU
		{172BB1EC-0C5C-4174-8532-6D3E6C6865D1}.Release|x64.ActiveCfg = Release|x64
		{172BB1EC-0C5C-4174-8532-6D3E6C6865D1}.Release|x64.Build.0 = Release|x64
		{172BB1EC-0C5C-4174-8532-6D3E6C6865D1}.Release|x86.ActiveCfg = Release|x86
		{172BB1EC-0C5C-4174-8532-6D3E6C6865D1}.Release|x86.Build.0 = Release|x86
		{AC79A0A2-BC50-4BAF-B672-B0A61242C833}.Debug|Any CPU.ActiveCfg = Debug|Any CPU
		{AC79A0A2-BC50-4BAF-B672-B0A61242C833}.Debug|Any CPU.Build.0 = Debug|Any CPU
		{AC79A0A2-BC50-4BAF-B672-B0A61242C833}.Debug|x64.ActiveCfg = Debug|x64
		{AC79A0A2-BC50-4BAF-B672-B0A61242C833}.Debug|x64.Build.0 = Debug|x64
		{AC79A0A2-BC50-4BAF-B672-B0A61242C833}.Debug|x86.ActiveCfg = Debug|x86
		{AC79A0A2-BC50-4BAF-B672-B0A61242C833}.Debug|x86.Build.0 = Debug|x86
		{AC79A0A2-BC50-4BAF-B672-B0A61242C833}.Release|Any CPU.ActiveCfg = Release|Any CPU
		{AC79A0A2-BC50-4BAF-B672-B0A61242C833}.Release|Any CPU.Build.0 = Release|Any CPU
		{AC79A0A2-BC50-4BAF-B672-B0A61242C833}.Release|x64.ActiveCfg = Release|x64
		{AC79A0A2-BC50-4BAF-B672-B0A61242C833}.Release|x64.Build.0 = Release|x64
		{AC79A0A2-BC50-4BAF-B672-B0A61242C833}.Release|x86.ActiveCfg = Release|x86
		{AC79A0A2-BC50-4BAF-B672-B0A61242C833}.Release|x86.Build.0 = Release|x86
		{ECEB0684-FC27-4475-8E73-B228B25104C6}.Debug|Any CPU.ActiveCfg = Debug|Any CPU
		{ECEB0684-FC27-4475-8E73-B228B25104C6}.Debug|Any CPU.Build.0 = Debug|Any CPU
		{ECEB0684-FC27-4475-8E73-B228B25104C6}.Debug|x64.ActiveCfg = Debug|x64
		{ECEB0684-FC27-4475-8E73-B228B25104C6}.Debug|x64.Build.0 = Debug|x64
		{ECEB0684-FC27-4475-8E73-B228B25104C6}.Debug|x86.ActiveCfg = Debug|x86
		{ECEB0684-FC27-4475-8E73-B228B25104C6}.Debug|x86.Build.0 = Debug|x86
		{ECEB0684-FC27-4475-8E73-B228B25104C6}.Release|Any CPU.ActiveCfg = Release|Any CPU
		{ECEB0684-FC27-4475-8E73-B228B25104C6}.Release|Any CPU.Build.0 = Release|Any CPU
		{ECEB0684-FC27-4475-8E73-B228B25104C6}.Release|x64.ActiveCfg = Release|x64
		{ECEB0684-FC27-4475-8E73-B228B25104C6}.Release|x64.Build.0 = Release|x64
		{ECEB0684-FC27-4475-8E73-B228B25104C6}.Release|x86.ActiveCfg = Release|x86
		{ECEB0684-FC27-4475-8E73-B228B25104C6}.Release|x86.Build.0 = Release|x86
	EndGlobalSection
EndGlobal
