
Microsoft Visual Studio Solution File, Format Version 12.00
# Visual Studio 15
VisualStudioVersion = 15.0.27130.2027
MinimumVisualStudioVersion = 10.0.40219.1
Project("{FAE04EC0-301F-11D3-BF4B-00C04F79EFBC}") = "Float_Multiplication_Assign", "Float_Multiplication_Assign\Float_Multiplication_Assign.csproj", "{108B1BEB-F0DD-47B3-8E5E-FE5DE23B3824}"
EndProject
Global
	GlobalSection(SolutionConfigurationPlatforms) = preSolution
		Debug|Any CPU = Debug|Any CPU
		Release|Any CPU = Release|Any CPU
	EndGlobalSection
	GlobalSection(ProjectConfigurationPlatforms) = postSolution
		{108B1BEB-F0DD-47B3-8E5E-FE5DE23B3824}.Debug|Any CPU.ActiveCfg = Debug|Any CPU
		{108B1BEB-F0DD-47B3-8E5E-FE5DE23B3824}.Debug|Any CPU.Build.0 = Debug|Any CPU
		{108B1BEB-F0DD-47B3-8E5E-FE5DE23B3824}.Release|Any CPU.ActiveCfg = Release|Any CPU
		{108B1BEB-F0DD-47B3-8E5E-FE5DE23B3824}.Release|Any CPU.Build.0 = Release|Any CPU
	EndGlobalSection
	GlobalSection(SolutionProperties) = preSolution
		HideSolutionNode = FALSE
	EndGlobalSection
	GlobalSection(ExtensibilityGlobals) = postSolution
		SolutionGuid = {18A4046E-A9AD-4A3E-A90C-FC05E0B6CFC6}
	EndGlobalSection
EndGlobal
